// !$*UTF8*$!
{
	archiveVersion = 1;
	classes = {
	};
	objectVersion = 50;
	objects = {

/* Begin PBXBuildFile section */
		4C3D97A522196219005D7DC7 /* MicrosoftAzureMobile.framework in Frameworks */ = {isa = PBXBuildFile; fileRef = 4C3D97A422196219005D7DC7 /* MicrosoftAzureMobile.framework */; };
		4C3D97A92219C100005D7DC7 /* CustomDocument.swift in Sources */ = {isa = PBXBuildFile; fileRef = 4C3D97A82219C100005D7DC7 /* CustomDocument.swift */; };
		4CB8DF3B22189E4700E4B345 /* AppDelegate.swift in Sources */ = {isa = PBXBuildFile; fileRef = 4CB8DF3A22189E4700E4B345 /* AppDelegate.swift */; };
		4CB8DF3D22189E4700E4B345 /* ViewController.swift in Sources */ = {isa = PBXBuildFile; fileRef = 4CB8DF3C22189E4700E4B345 /* ViewController.swift */; };
		4CB8DF4022189E4800E4B345 /* Main.storyboard in Resources */ = {isa = PBXBuildFile; fileRef = 4CB8DF3E22189E4800E4B345 /* Main.storyboard */; };
		4CB8DF4322189E4800E4B345 /* SpaceFinder.xcdatamodeld in Sources */ = {isa = PBXBuildFile; fileRef = 4CB8DF4122189E4800E4B345 /* SpaceFinder.xcdatamodeld */; };
		4CB8DF4522189E4900E4B345 /* Assets.xcassets in Resources */ = {isa = PBXBuildFile; fileRef = 4CB8DF4422189E4900E4B345 /* Assets.xcassets */; };
		4CB8DF4822189E4900E4B345 /* LaunchScreen.storyboard in Resources */ = {isa = PBXBuildFile; fileRef = 4CB8DF4622189E4900E4B345 /* LaunchScreen.storyboard */; };
		7B00F6D2AEC5F84821F21899 /* Pods_SpaceFinder.framework in Frameworks */ = {isa = PBXBuildFile; fileRef = E4CCE3A5F866B3C6E640030B /* Pods_SpaceFinder.framework */; };
/* End PBXBuildFile section */

/* Begin PBXFileReference section */
		43D6C246FB604A4313BFF5AE /* Pods-SpaceFinder.debug.xcconfig */ = {isa = PBXFileReference; includeInIndex = 1; lastKnownFileType = text.xcconfig; name = "Pods-SpaceFinder.debug.xcconfig"; path = "Pods/Target Support Files/Pods-SpaceFinder/Pods-SpaceFinder.debug.xcconfig"; sourceTree = "<group>"; };
		4C3D97A422196219005D7DC7 /* MicrosoftAzureMobile.framework */ = {isa = PBXFileReference; lastKnownFileType = wrapper.framework; path = MicrosoftAzureMobile.framework; sourceTree = SOURCE_ROOT; };
		4C3D97A722197B74005D7DC7 /* SpaceFinder-Bridging-Header.h */ = {isa = PBXFileReference; fileEncoding = 4; lastKnownFileType = sourcecode.c.h; path = "SpaceFinder-Bridging-Header.h"; sourceTree = "<group>"; };
		4C3D97A82219C100005D7DC7 /* CustomDocument.swift */ = {isa = PBXFileReference; lastKnownFileType = sourcecode.swift; path = CustomDocument.swift; sourceTree = "<group>"; };
		4CB8DF3722189E4700E4B345 /* SpaceFinder.app */ = {isa = PBXFileReference; explicitFileType = wrapper.application; includeInIndex = 0; path = SpaceFinder.app; sourceTree = BUILT_PRODUCTS_DIR; };
		4CB8DF3A22189E4700E4B345 /* AppDelegate.swift */ = {isa = PBXFileReference; lastKnownFileType = sourcecode.swift; path = AppDelegate.swift; sourceTree = "<group>"; };
		4CB8DF3C22189E4700E4B345 /* ViewController.swift */ = {isa = PBXFileReference; lastKnownFileType = sourcecode.swift; path = ViewController.swift; sourceTree = "<group>"; };
		4CB8DF3F22189E4800E4B345 /* Base */ = {isa = PBXFileReference; lastKnownFileType = file.storyboard; name = Base; path = Base.lproj/Main.storyboard; sourceTree = "<group>"; };
		4CB8DF4222189E4800E4B345 /* SpaceFinder.xcdatamodel */ = {isa = PBXFileReference; lastKnownFileType = wrapper.xcdatamodel; path = SpaceFinder.xcdatamodel; sourceTree = "<group>"; };
		4CB8DF4422189E4900E4B345 /* Assets.xcassets */ = {isa = PBXFileReference; lastKnownFileType = folder.assetcatalog; path = Assets.xcassets; sourceTree = "<group>"; };
		4CB8DF4722189E4900E4B345 /* Base */ = {isa = PBXFileReference; lastKnownFileType = file.storyboard; name = Base; path = Base.lproj/LaunchScreen.storyboard; sourceTree = "<group>"; };
		4CB8DF4922189E4900E4B345 /* Info.plist */ = {isa = PBXFileReference; lastKnownFileType = text.plist.xml; path = Info.plist; sourceTree = "<group>"; };
		62DDAD125FC8313C96D55FF9 /* Pods-SpaceFinder.release.xcconfig */ = {isa = PBXFileReference; includeInIndex = 1; lastKnownFileType = text.xcconfig; name = "Pods-SpaceFinder.release.xcconfig"; path = "Pods/Target Support Files/Pods-SpaceFinder/Pods-SpaceFinder.release.xcconfig"; sourceTree = "<group>"; };
		E4CCE3A5F866B3C6E640030B /* Pods_SpaceFinder.framework */ = {isa = PBXFileReference; explicitFileType = wrapper.framework; includeInIndex = 0; path = Pods_SpaceFinder.framework; sourceTree = BUILT_PRODUCTS_DIR; };
/* End PBXFileReference section */

/* Begin PBXFrameworksBuildPhase section */
		4CB8DF3422189E4700E4B345 /* Frameworks */ = {
			isa = PBXFrameworksBuildPhase;
			buildActionMask = 2147483647;
			files = (
				4C3D97A522196219005D7DC7 /* MicrosoftAzureMobile.framework in Frameworks */,
				7B00F6D2AEC5F84821F21899 /* Pods_SpaceFinder.framework in Frameworks */,
			);
			runOnlyForDeploymentPostprocessing = 0;
		};
/* End PBXFrameworksBuildPhase section */

/* Begin PBXGroup section */
		0A516F874F5DB809AE1602E4 /* Pods */ = {
			isa = PBXGroup;
			children = (
				43D6C246FB604A4313BFF5AE /* Pods-SpaceFinder.debug.xcconfig */,
				62DDAD125FC8313C96D55FF9 /* Pods-SpaceFinder.release.xcconfig */,
			);
			name = Pods;
			sourceTree = "<group>";
		};
		4CB8DF2E22189E4700E4B345 = {
			isa = PBXGroup;
			children = (
				4CB8DF3922189E4700E4B345 /* SpaceFinder */,
				4CB8DF3822189E4700E4B345 /* Products */,
				0A516F874F5DB809AE1602E4 /* Pods */,
				95F942B6362938C8FBE83534 /* Frameworks */,
			);
			sourceTree = "<group>";
		};
		4CB8DF3822189E4700E4B345 /* Products */ = {
			isa = PBXGroup;
			children = (
				4CB8DF3722189E4700E4B345 /* SpaceFinder.app */,
			);
			name = Products;
			sourceTree = "<group>";
		};
		4CB8DF3922189E4700E4B345 /* SpaceFinder */ = {
			isa = PBXGroup;
			children = (
				4C3D97A422196219005D7DC7 /* MicrosoftAzureMobile.framework */,
				4CB8DF3A22189E4700E4B345 /* AppDelegate.swift */,
				4CB8DF3C22189E4700E4B345 /* ViewController.swift */,
				4C3D97A82219C100005D7DC7 /* CustomDocument.swift */,
				4CB8DF3E22189E4800E4B345 /* Main.storyboard */,
				4CB8DF4422189E4900E4B345 /* Assets.xcassets */,
				4CB8DF4622189E4900E4B345 /* LaunchScreen.storyboard */,
				4C3D97A722197B74005D7DC7 /* SpaceFinder-Bridging-Header.h */,
				4CB8DF4922189E4900E4B345 /* Info.plist */,
				4CB8DF4122189E4800E4B345 /* SpaceFinder.xcdatamodeld */,
			);
			path = SpaceFinder;
			sourceTree = "<group>";
		};
		95F942B6362938C8FBE83534 /* Frameworks */ = {
			isa = PBXGroup;
			children = (
				E4CCE3A5F866B3C6E640030B /* Pods_SpaceFinder.framework */,
			);
			name = Frameworks;
			sourceTree = "<group>";
		};
/* End PBXGroup section */

/* Begin PBXNativeTarget section */
		4CB8DF3622189E4700E4B345 /* SpaceFinder */ = {
			isa = PBXNativeTarget;
			buildConfigurationList = 4CB8DF4C22189E4900E4B345 /* Build configuration list for PBXNativeTarget "SpaceFinder" */;
			buildPhases = (
				6E0BDE875516E6D10D6610C3 /* [CP] Check Pods Manifest.lock */,
				4CB8DF3322189E4700E4B345 /* Sources */,
				4CB8DF3422189E4700E4B345 /* Frameworks */,
				4CB8DF3522189E4700E4B345 /* Resources */,
				8832941F3D6D61BE399009CD /* [CP] Embed Pods Frameworks */,
			);
			buildRules = (
			);
			dependencies = (
			);
			name = SpaceFinder;
			productName = SpaceFinder;
			productReference = 4CB8DF3722189E4700E4B345 /* SpaceFinder.app */;
			productType = "com.apple.product-type.application";
		};
/* End PBXNativeTarget section */

/* Begin PBXProject section */
		4CB8DF2F22189E4700E4B345 /* Project object */ = {
			isa = PBXProject;
			attributes = {
				LastSwiftUpdateCheck = 1010;
				LastUpgradeCheck = 1010;
				ORGANIZATIONNAME = SpaceEvaders;
				TargetAttributes = {
					4CB8DF3622189E4700E4B345 = {
						CreatedOnToolsVersion = 10.1;
					};
				};
			};
			buildConfigurationList = 4CB8DF3222189E4700E4B345 /* Build configuration list for PBXProject "SpaceFinder" */;
			compatibilityVersion = "Xcode 9.3";
			developmentRegion = en;
			hasScannedForEncodings = 0;
			knownRegions = (
				en,
				Base,
			);
			mainGroup = 4CB8DF2E22189E4700E4B345;
			productRefGroup = 4CB8DF3822189E4700E4B345 /* Products */;
			projectDirPath = "";
			projectRoot = "";
			targets = (
				4CB8DF3622189E4700E4B345 /* SpaceFinder */,
			);
		};
/* End PBXProject section */

/* Begin PBXResourcesBuildPhase section */
		4CB8DF3522189E4700E4B345 /* Resources */ = {
			isa = PBXResourcesBuildPhase;
			buildActionMask = 2147483647;
			files = (
				4CB8DF4822189E4900E4B345 /* LaunchScreen.storyboard in Resources */,
				4CB8DF4522189E4900E4B345 /* Assets.xcassets in Resources */,
				4CB8DF4022189E4800E4B345 /* Main.storyboard in Resources */,
			);
			runOnlyForDeploymentPostprocessing = 0;
		};
/* End PBXResourcesBuildPhase section */

/* Begin PBXShellScriptBuildPhase section */
		6E0BDE875516E6D10D6610C3 /* [CP] Check Pods Manifest.lock */ = {
			isa = PBXShellScriptBuildPhase;
			buildActionMask = 2147483647;
			files = (
			);
			inputPaths = (
				"${PODS_PODFILE_DIR_PATH}/Podfile.lock",
				"${PODS_ROOT}/Manifest.lock",
			);
			name = "[CP] Check Pods Manifest.lock";
			outputPaths = (
				"$(DERIVED_FILE_DIR)/Pods-SpaceFinder-checkManifestLockResult.txt",
			);
			runOnlyForDeploymentPostprocessing = 0;
			shellPath = /bin/sh;
			shellScript = "diff \"${PODS_PODFILE_DIR_PATH}/Podfile.lock\" \"${PODS_ROOT}/Manifest.lock\" > /dev/null\nif [ $? != 0 ] ; then\n    # print error to STDERR\n    echo \"error: The sandbox is not in sync with the Podfile.lock. Run 'pod install' or update your CocoaPods installation.\" >&2\n    exit 1\nfi\n# This output is used by Xcode 'outputs' to avoid re-running this script phase.\necho \"SUCCESS\" > \"${SCRIPT_OUTPUT_FILE_0}\"\n";
			showEnvVarsInLog = 0;
		};
		8832941F3D6D61BE399009CD /* [CP] Embed Pods Frameworks */ = {
			isa = PBXShellScriptBuildPhase;
			buildActionMask = 2147483647;
			files = (
			);
			inputPaths = (
				"${SRCROOT}/Pods/Target Support Files/Pods-SpaceFinder/Pods-SpaceFinder-frameworks.sh",
				"${BUILT_PRODUCTS_DIR}/AzureCore/AzureCore.framework",
				"${BUILT_PRODUCTS_DIR}/AzureData/AzureData.framework",
				"${BUILT_PRODUCTS_DIR}/KeychainAccess/KeychainAccess.framework",
				"${BUILT_PRODUCTS_DIR}/Willow/Willow.framework",
			);
			name = "[CP] Embed Pods Frameworks";
			outputPaths = (
				"${TARGET_BUILD_DIR}/${FRAMEWORKS_FOLDER_PATH}/AzureCore.framework",
				"${TARGET_BUILD_DIR}/${FRAMEWORKS_FOLDER_PATH}/AzureData.framework",
				"${TARGET_BUILD_DIR}/${FRAMEWORKS_FOLDER_PATH}/KeychainAccess.framework",
				"${TARGET_BUILD_DIR}/${FRAMEWORKS_FOLDER_PATH}/Willow.framework",
			);
			runOnlyForDeploymentPostprocessing = 0;
			shellPath = /bin/sh;
			shellScript = "\"${SRCROOT}/Pods/Target Support Files/Pods-SpaceFinder/Pods-SpaceFinder-frameworks.sh\"\n";
			showEnvVarsInLog = 0;
		};
/* End PBXShellScriptBuildPhase section */

/* Begin PBXSourcesBuildPhase section */
		4CB8DF3322189E4700E4B345 /* Sources */ = {
			isa = PBXSourcesBuildPhase;
			buildActionMask = 2147483647;
			files = (
				4CB8DF3D22189E4700E4B345 /* ViewController.swift in Sources */,
				4C3D97A92219C100005D7DC7 /* CustomDocument.swift in Sources */,
				4CB8DF4322189E4800E4B345 /* SpaceFinder.xcdatamodeld in Sources */,
				4CB8DF3B22189E4700E4B345 /* AppDelegate.swift in Sources */,
			);
			runOnlyForDeploymentPostprocessing = 0;
		};
/* End PBXSourcesBuildPhase section */

/* Begin PBXVariantGroup section */
		4CB8DF3E22189E4800E4B345 /* Main.storyboard */ = {
			isa = PBXVariantGroup;
			children = (
				4CB8DF3F22189E4800E4B345 /* Base */,
			);
			name = Main.storyboard;
			sourceTree = "<group>";
		};
		4CB8DF4622189E4900E4B345 /* LaunchScreen.storyboard */ = {
			isa = PBXVariantGroup;
			children = (
				4CB8DF4722189E4900E4B345 /* Base */,
			);
			name = LaunchScreen.storyboard;
			sourceTree = "<group>";
		};
/* End PBXVariantGroup section */

/* Begin XCBuildConfiguration section */
		4CB8DF4A22189E4900E4B345 /* Debug */ = {
			isa = XCBuildConfiguration;
			buildSettings = {
				ALWAYS_SEARCH_USER_PATHS = NO;
				CLANG_ANALYZER_NONNULL = YES;
				CLANG_ANALYZER_NUMBER_OBJECT_CONVERSION = YES_AGGRESSIVE;
				CLANG_CXX_LANGUAGE_STANDARD = "gnu++14";
				CLANG_CXX_LIBRARY = "libc++";
				CLANG_ENABLE_MODULES = YES;
				CLANG_ENABLE_OBJC_ARC = YES;
				CLANG_ENABLE_OBJC_WEAK = YES;
				CLANG_WARN_BLOCK_CAPTURE_AUTORELEASING = YES;
				CLANG_WARN_BOOL_CONVERSION = YES;
				CLANG_WARN_COMMA = YES;
				CLANG_WARN_CONSTANT_CONVERSION = YES;
				CLANG_WARN_DEPRECATED_OBJC_IMPLEMENTATIONS = YES;
				CLANG_WARN_DIRECT_OBJC_ISA_USAGE = YES_ERROR;
				CLANG_WARN_DOCUMENTATION_COMMENTS = YES;
				CLANG_WARN_EMPTY_BODY = YES;
				CLANG_WARN_ENUM_CONVERSION = YES;
				CLANG_WARN_INFINITE_RECURSION = YES;
				CLANG_WARN_INT_CONVERSION = YES;
				CLANG_WARN_NON_LITERAL_NULL_CONVERSION = YES;
				CLANG_WARN_OBJC_IMPLICIT_RETAIN_SELF = YES;
				CLANG_WARN_OBJC_LITERAL_CONVERSION = YES;
				CLANG_WARN_OBJC_ROOT_CLASS = YES_ERROR;
				CLANG_WARN_RANGE_LOOP_ANALYSIS = YES;
				CLANG_WARN_STRICT_PROTOTYPES = YES;
				CLANG_WARN_SUSPICIOUS_MOVE = YES;
				CLANG_WARN_UNGUARDED_AVAILABILITY = YES_AGGRESSIVE;
				CLANG_WARN_UNREACHABLE_CODE = YES;
				CLANG_WARN__DUPLICATE_METHOD_MATCH = YES;
				CODE_SIGN_IDENTITY = "iPhone Developer";
				COPY_PHASE_STRIP = NO;
				DEBUG_INFORMATION_FORMAT = dwarf;
				ENABLE_STRICT_OBJC_MSGSEND = YES;
				ENABLE_TESTABILITY = YES;
				GCC_C_LANGUAGE_STANDARD = gnu11;
				GCC_DYNAMIC_NO_PIC = NO;
				GCC_NO_COMMON_BLOCKS = YES;
				GCC_OPTIMIZATION_LEVEL = 0;
				GCC_PREPROCESSOR_DEFINITIONS = (
					"DEBUG=1",
					"$(inherited)",
				);
				GCC_WARN_64_TO_32_BIT_CONVERSION = YES;
				GCC_WARN_ABOUT_RETURN_TYPE = YES_ERROR;
				GCC_WARN_UNDECLARED_SELECTOR = YES;
				GCC_WARN_UNINITIALIZED_AUTOS = YES_AGGRESSIVE;
				GCC_WARN_UNUSED_FUNCTION = YES;
				GCC_WARN_UNUSED_VARIABLE = YES;
				IPHONEOS_DEPLOYMENT_TARGET = 12.1;
				MTL_ENABLE_DEBUG_INFO = INCLUDE_SOURCE;
				MTL_FAST_MATH = YES;
				ONLY_ACTIVE_ARCH = YES;
				SDKROOT = iphoneos;
				SWIFT_ACTIVE_COMPILATION_CONDITIONS = DEBUG;
				SWIFT_OPTIMIZATION_LEVEL = "-Onone";
			};
			name = Debug;
		};
		4CB8DF4B22189E4900E4B345 /* Release */ = {
			isa = XCBuildConfiguration;
			buildSettings = {
				ALWAYS_SEARCH_USER_PATHS = NO;
				CLANG_ANALYZER_NONNULL = YES;
				CLANG_ANALYZER_NUMBER_OBJECT_CONVERSION = YES_AGGRESSIVE;
				CLANG_CXX_LANGUAGE_STANDARD = "gnu++14";
				CLANG_CXX_LIBRARY = "libc++";
				CLANG_ENABLE_MODULES = YES;
				CLANG_ENABLE_OBJC_ARC = YES;
				CLANG_ENABLE_OBJC_WEAK = YES;
				CLANG_WARN_BLOCK_CAPTURE_AUTORELEASING = YES;
				CLANG_WARN_BOOL_CONVERSION = YES;
				CLANG_WARN_COMMA = YES;
				CLANG_WARN_CONSTANT_CONVERSION = YES;
				CLANG_WARN_DEPRECATED_OBJC_IMPLEMENTATIONS = YES;
				CLANG_WARN_DIRECT_OBJC_ISA_USAGE = YES_ERROR;
				CLANG_WARN_DOCUMENTATION_COMMENTS = YES;
				CLANG_WARN_EMPTY_BODY = YES;
				CLANG_WARN_ENUM_CONVERSION = YES;
				CLANG_WARN_INFINITE_RECURSION = YES;
				CLANG_WARN_INT_CONVERSION = YES;
				CLANG_WARN_NON_LITERAL_NULL_CONVERSION = YES;
				CLANG_WARN_OBJC_IMPLICIT_RETAIN_SELF = YES;
				CLANG_WARN_OBJC_LITERAL_CONVERSION = YES;
				CLANG_WARN_OBJC_ROOT_CLASS = YES_ERROR;
				CLANG_WARN_RANGE_LOOP_ANALYSIS = YES;
				CLANG_WARN_STRICT_PROTOTYPES = YES;
				CLANG_WARN_SUSPICIOUS_MOVE = YES;
				CLANG_WARN_UNGUARDED_AVAILABILITY = YES_AGGRESSIVE;
				CLANG_WARN_UNREACHABLE_CODE = YES;
				CLANG_WARN__DUPLICATE_METHOD_MATCH = YES;
				CODE_SIGN_IDENTITY = "iPhone Developer";
				COPY_PHASE_STRIP = NO;
				DEBUG_INFORMATION_FORMAT = "dwarf-with-dsym";
				ENABLE_NS_ASSERTIONS = NO;
				ENABLE_STRICT_OBJC_MSGSEND = YES;
				GCC_C_LANGUAGE_STANDARD = gnu11;
				GCC_NO_COMMON_BLOCKS = YES;
				GCC_WARN_64_TO_32_BIT_CONVERSION = YES;
				GCC_WARN_ABOUT_RETURN_TYPE = YES_ERROR;
				GCC_WARN_UNDECLARED_SELECTOR = YES;
				GCC_WARN_UNINITIALIZED_AUTOS = YES_AGGRESSIVE;
				GCC_WARN_UNUSED_FUNCTION = YES;
				GCC_WARN_UNUSED_VARIABLE = YES;
				IPHONEOS_DEPLOYMENT_TARGET = 12.1;
				MTL_ENABLE_DEBUG_INFO = NO;
				MTL_FAST_MATH = YES;
				SDKROOT = iphoneos;
				SWIFT_COMPILATION_MODE = wholemodule;
				SWIFT_OPTIMIZATION_LEVEL = "-O";
				VALIDATE_PRODUCT = YES;
			};
			name = Release;
		};
		4CB8DF4D22189E4900E4B345 /* Debug */ = {
			isa = XCBuildConfiguration;
			baseConfigurationReference = 43D6C246FB604A4313BFF5AE /* Pods-SpaceFinder.debug.xcconfig */;
			buildSettings = {
				ASSETCATALOG_COMPILER_APPICON_NAME = AppIcon;
				CODE_SIGN_STYLE = Automatic;
				DEVELOPMENT_TEAM = WK2LD83792;
				FRAMEWORK_SEARCH_PATHS = (
					"$(inherited)",
					"$(PROJECT_DIR)",
				);
				INFOPLIST_FILE = SpaceFinder/Info.plist;
				LD_RUNPATH_SEARCH_PATHS = (
					"$(inherited)",
					"@executable_path/Frameworks",
				);
				PRODUCT_BUNDLE_IDENTIFIER = SI.SpaceFinder;
				PRODUCT_NAME = "$(TARGET_NAME)";
				SWIFT_OBJC_BRIDGING_HEADER = "SpaceFinder/SpaceFinder-Bridging-Header.h";
				SWIFT_VERSION = 4.2;
				TARGETED_DEVICE_FAMILY = "1,2";
			};
			name = Debug;
		};
		4CB8DF4E22189E4900E4B345 /* Release */ = {
			isa = XCBuildConfiguration;
			baseConfigurationReference = 62DDAD125FC8313C96D55FF9 /* Pods-SpaceFinder.release.xcconfig */;
			buildSettings = {
				ASSETCATALOG_COMPILER_APPICON_NAME = AppIcon;
				CODE_SIGN_STYLE = Automatic;
				DEVELOPMENT_TEAM = WK2LD83792;
				FRAMEWORK_SEARCH_PATHS = (
					"$(inherited)",
					"$(PROJECT_DIR)",
				);
				INFOPLIST_FILE = SpaceFinder/Info.plist;
				LD_RUNPATH_SEARCH_PATHS = (
					"$(inherited)",
					"@executable_path/Frameworks",
				);
				PRODUCT_BUNDLE_IDENTIFIER = SI.SpaceFinder;
				PRODUCT_NAME = "$(TARGET_NAME)";
				SWIFT_OBJC_BRIDGING_HEADER = "SpaceFinder/SpaceFinder-Bridging-Header.h";
				SWIFT_VERSION = 4.2;
				TARGETED_DEVICE_FAMILY = "1,2";
			};
			name = Release;
		};
/* End XCBuildConfiguration section */

/* Begin XCConfigurationList section */
		4CB8DF3222189E4700E4B345 /* Build configuration list for PBXProject "SpaceFinder" */ = {
			isa = XCConfigurationList;
			buildConfigurations = (
				4CB8DF4A22189E4900E4B345 /* Debug */,
				4CB8DF4B22189E4900E4B345 /* Release */,
			);
			defaultConfigurationIsVisible = 0;
			defaultConfigurationName = Release;
		};
		4CB8DF4C22189E4900E4B345 /* Build configuration list for PBXNativeTarget "SpaceFinder" */ = {
			isa = XCConfigurationList;
			buildConfigurations = (
				4CB8DF4D22189E4900E4B345 /* Debug */,
				4CB8DF4E22189E4900E4B345 /* Release */,
			);
			defaultConfigurationIsVisible = 0;
			defaultConfigurationName = Release;
		};
/* End XCConfigurationList section */

/* Begin XCVersionGroup section */
		4CB8DF4122189E4800E4B345 /* SpaceFinder.xcdatamodeld */ = {
			isa = XCVersionGroup;
			children = (
				4CB8DF4222189E4800E4B345 /* SpaceFinder.xcdatamodel */,
			);
			currentVersion = 4CB8DF4222189E4800E4B345 /* SpaceFinder.xcdatamodel */;
			path = SpaceFinder.xcdatamodeld;
			sourceTree = "<group>";
			versionGroupType = wrapper.xcdatamodel;
		};
/* End XCVersionGroup section */
	};
	rootObject = 4CB8DF2F22189E4700E4B345 /* Project object */;
}
